{
    "_meta": {
        "hash": {
            "sha256": "309cc7808bbac7cdee554ca7f3a88212cef8bccc0c9f795fec7c33414b6a43b5"
        },
        "pipfile-spec": 6,
        "requires": {
            "python_version": "3.8"
        },
        "sources": [
            {
                "name": "pypi",
                "url": "https://pypi.org/simple",
                "verify_ssl": true
            }
        ]
    },
    "default": {
        "aiohttp": {
            "hashes": [
                "sha256:02f46fc0e3c5ac58b80d4d56eb0a7c7d97fcef69ace9326289fb9f1955e65cfe",
                "sha256:0563c1b3826945eecd62186f3f5c7d31abb7391fedc893b7e2b26303b5a9f3fe",
                "sha256:114b281e4d68302a324dd33abb04778e8557d88947875cbf4e842c2c01a030c5",
                "sha256:14762875b22d0055f05d12abc7f7d61d5fd4fe4642ce1a249abdf8c700bf1fd8",
                "sha256:15492a6368d985b76a2a5fdd2166cddfea5d24e69eefed4630cbaae5c81d89bd",
                "sha256:17c073de315745a1510393a96e680d20af8e67e324f70b42accbd4cb3315c9fb",
                "sha256:209b4a8ee987eccc91e2bd3ac36adee0e53a5970b8ac52c273f7f8fd4872c94c",
                "sha256:230a8f7e24298dea47659251abc0fd8b3c4e38a664c59d4b89cca7f6c09c9e87",
                "sha256:2e19413bf84934d651344783c9f5e22dee452e251cfd220ebadbed2d9931dbf0",
                "sha256:393f389841e8f2dfc86f774ad22f00923fdee66d238af89b70ea314c4aefd290",
                "sha256:3cf75f7cdc2397ed4442594b935a11ed5569961333d49b7539ea741be2cc79d5",
                "sha256:3d78619672183be860b96ed96f533046ec97ca067fd46ac1f6a09cd9b7484287",
                "sha256:40eced07f07a9e60e825554a31f923e8d3997cfc7fb31dbc1328c70826e04cde",
                "sha256:493d3299ebe5f5a7c66b9819eacdcfbbaaf1a8e84911ddffcdc48888497afecf",
                "sha256:4b302b45040890cea949ad092479e01ba25911a15e648429c7c5aae9650c67a8",
                "sha256:515dfef7f869a0feb2afee66b957cc7bbe9ad0cdee45aec7fdc623f4ecd4fb16",
                "sha256:547da6cacac20666422d4882cfcd51298d45f7ccb60a04ec27424d2f36ba3eaf",
                "sha256:5df68496d19f849921f05f14f31bd6ef53ad4b00245da3195048c69934521809",
                "sha256:64322071e046020e8797117b3658b9c2f80e3267daec409b350b6a7a05041213",
                "sha256:7615dab56bb07bff74bc865307aeb89a8bfd9941d2ef9d817b9436da3a0ea54f",
                "sha256:79ebfc238612123a713a457d92afb4096e2148be17df6c50fb9bf7a81c2f8013",
                "sha256:7b18b97cf8ee5452fa5f4e3af95d01d84d86d32c5e2bfa260cf041749d66360b",
                "sha256:932bb1ea39a54e9ea27fc9232163059a0b8855256f4052e776357ad9add6f1c9",
                "sha256:a00bb73540af068ca7390e636c01cbc4f644961896fa9363154ff43fd37af2f5",
                "sha256:a5ca29ee66f8343ed336816c553e82d6cade48a3ad702b9ffa6125d187e2dedb",
                "sha256:af9aa9ef5ba1fd5b8c948bb11f44891968ab30356d65fd0cc6707d989cd521df",
                "sha256:bb437315738aa441251214dad17428cafda9cdc9729499f1d6001748e1d432f4",
                "sha256:bdb230b4943891321e06fc7def63c7aace16095be7d9cf3b1e01be2f10fba439",
                "sha256:c6e9dcb4cb338d91a73f178d866d051efe7c62a7166653a91e7d9fb18274058f",
                "sha256:cffe3ab27871bc3ea47df5d8f7013945712c46a3cc5a95b6bee15887f1675c22",
                "sha256:d012ad7911653a906425d8473a1465caa9f8dea7fcf07b6d870397b774ea7c0f",
                "sha256:d9e13b33afd39ddeb377eff2c1c4f00544e191e1d1dee5b6c51ddee8ea6f0cf5",
                "sha256:e4b2b334e68b18ac9817d828ba44d8fcb391f6acb398bcc5062b14b2cbeac970",
                "sha256:e54962802d4b8b18b6207d4a927032826af39395a3bd9196a5af43fc4e60b009",
                "sha256:f705e12750171c0ab4ef2a3c76b9a4024a62c4103e3a55dd6f99265b9bc6fcfc",
                "sha256:f881853d2643a29e643609da57b96d5f9c9b93f62429dcc1cbb413c7d07f0e1a",
                "sha256:fe60131d21b31fd1a14bd43e6bb88256f69dfc3188b3a89d736d6c71ed43ec95"
            ],
            "markers": "python_version >= '3.6'",
            "version": "==3.7.4.post0"
        },
        "async-timeout": {
            "hashes": [
                "sha256:0c3c816a028d47f659d6ff5c745cb2acf1f966da1fe5c19c77a70282b25f4c5f",
                "sha256:4291ca197d287d274d0b6cb5d6f8f8f82d434ed288f962539ff18cc9012f9ea3"
            ],
            "markers": "python_full_version >= '3.5.3'",
            "version": "==3.0.1"
        },
        "attrs": {
            "hashes": [
                "sha256:149e90d6d8ac20db7a955ad60cf0e6881a3f20d37096140088356da6c716b0b1",
                "sha256:ef6aaac3ca6cd92904cdd0d83f629a15f18053ec84e6432106f7a4d04ae4f5fb"
            ],
            "markers": "python_version >= '2.7' and python_version not in '3.0, 3.1, 3.2, 3.3, 3.4'",
            "version": "==21.2.0"
        },
        "certifi": {
            "hashes": [
                "sha256:1a4995114262bffbc2413b159f2a1a480c969de6e6eb13ee966d470af86af59c",
                "sha256:719a74fb9e33b9bd44cc7f3a8d94bc35e4049deebe19ba7d8e108280cfd59830"
            ],
            "version": "==2020.12.5"
        },
        "chardet": {
            "hashes": [
                "sha256:0d6f53a15db4120f2b08c94f11e7d93d2c911ee118b6b30a04ec3ee8310179fa",
                "sha256:f864054d66fd9118f2e67044ac8981a54775ec5b67aed0441892edb553d21da5"
            ],
            "markers": "python_version >= '2.7' and python_version not in '3.0, 3.1, 3.2, 3.3, 3.4'",
            "version": "==4.0.0"
        },
        "dadjokes": {
            "hashes": [
                "sha256:1f6e1852048836562edbdd7129c39a1abebc62e315a8c5cd02e7cb98e7021fb8",
                "sha256:6f892a550379b38e3c069241634f700625eb35419f7a0583977fef64d6a2bf3d"
            ],
            "index": "pypi",
            "version": "==1.3.2"
        },
        "idna": {
            "hashes": [
                "sha256:b307872f855b18632ce0c21c5e45be78c0ea7ae4c15c828c20788b26921eb3f6",
                "sha256:b97d804b1e9b523befed77c48dacec60e6dcb0b5391d57af6a65a312a90648c0"
            ],
            "markers": "python_version >= '2.7' and python_version not in '3.0, 3.1, 3.2, 3.3'",
            "version": "==2.10"
        },
        "multidict": {
            "hashes": [
                "sha256:018132dbd8688c7a69ad89c4a3f39ea2f9f33302ebe567a879da8f4ca73f0d0a",
                "sha256:051012ccee979b2b06be928a6150d237aec75dd6bf2d1eeeb190baf2b05abc93",
                "sha256:05c20b68e512166fddba59a918773ba002fdd77800cad9f55b59790030bab632",
                "sha256:07b42215124aedecc6083f1ce6b7e5ec5b50047afa701f3442054373a6deb656",
                "sha256:0e3c84e6c67eba89c2dbcee08504ba8644ab4284863452450520dad8f1e89b79",
                "sha256:0e929169f9c090dae0646a011c8b058e5e5fb391466016b39d21745b48817fd7",
                "sha256:1ab820665e67373de5802acae069a6a05567ae234ddb129f31d290fc3d1aa56d",
                "sha256:25b4e5f22d3a37ddf3effc0710ba692cfc792c2b9edfb9c05aefe823256e84d5",
                "sha256:2e68965192c4ea61fff1b81c14ff712fc7dc15d2bd120602e4a3494ea6584224",
                "sha256:2f1a132f1c88724674271d636e6b7351477c27722f2ed789f719f9e3545a3d26",
                "sha256:37e5438e1c78931df5d3c0c78ae049092877e5e9c02dd1ff5abb9cf27a5914ea",
                "sha256:3a041b76d13706b7fff23b9fc83117c7b8fe8d5fe9e6be45eee72b9baa75f348",
                "sha256:3a4f32116f8f72ecf2a29dabfb27b23ab7cdc0ba807e8459e59a93a9be9506f6",
                "sha256:46c73e09ad374a6d876c599f2328161bcd95e280f84d2060cf57991dec5cfe76",
                "sha256:46dd362c2f045095c920162e9307de5ffd0a1bfbba0a6e990b344366f55a30c1",
                "sha256:4b186eb7d6ae7c06eb4392411189469e6a820da81447f46c0072a41c748ab73f",
                "sha256:54fd1e83a184e19c598d5e70ba508196fd0bbdd676ce159feb412a4a6664f952",
                "sha256:585fd452dd7782130d112f7ddf3473ffdd521414674c33876187e101b588738a",
                "sha256:5cf3443199b83ed9e955f511b5b241fd3ae004e3cb81c58ec10f4fe47c7dce37",
                "sha256:6a4d5ce640e37b0efcc8441caeea8f43a06addace2335bd11151bc02d2ee31f9",
                "sha256:7df80d07818b385f3129180369079bd6934cf70469f99daaebfac89dca288359",
                "sha256:806068d4f86cb06af37cd65821554f98240a19ce646d3cd24e1c33587f313eb8",
                "sha256:830f57206cc96ed0ccf68304141fec9481a096c4d2e2831f311bde1c404401da",
                "sha256:929006d3c2d923788ba153ad0de8ed2e5ed39fdbe8e7be21e2f22ed06c6783d3",
                "sha256:9436dc58c123f07b230383083855593550c4d301d2532045a17ccf6eca505f6d",
                "sha256:9dd6e9b1a913d096ac95d0399bd737e00f2af1e1594a787e00f7975778c8b2bf",
                "sha256:ace010325c787c378afd7f7c1ac66b26313b3344628652eacd149bdd23c68841",
                "sha256:b47a43177a5e65b771b80db71e7be76c0ba23cc8aa73eeeb089ed5219cdbe27d",
                "sha256:b797515be8743b771aa868f83563f789bbd4b236659ba52243b735d80b29ed93",
                "sha256:b7993704f1a4b204e71debe6095150d43b2ee6150fa4f44d6d966ec356a8d61f",
                "sha256:d5c65bdf4484872c4af3150aeebe101ba560dcfb34488d9a8ff8dbcd21079647",
                "sha256:d81eddcb12d608cc08081fa88d046c78afb1bf8107e6feab5d43503fea74a635",
                "sha256:dc862056f76443a0db4509116c5cd480fe1b6a2d45512a653f9a855cc0517456",
                "sha256:ecc771ab628ea281517e24fd2c52e8f31c41e66652d07599ad8818abaad38cda",
                "sha256:f200755768dc19c6f4e2b672421e0ebb3dd54c38d5a4f262b872d8cfcc9e93b5",
                "sha256:f21756997ad8ef815d8ef3d34edd98804ab5ea337feedcd62fb52d22bf531281",
                "sha256:fc13a9524bc18b6fb6e0dbec3533ba0496bbed167c56d0aabefd965584557d80"
            ],
            "markers": "python_version >= '3.6'",
            "version": "==5.1.0"
        },
        "python-dotenv": {
            "hashes": [
                "sha256:00aa34e92d992e9f8383730816359647f358f4a3be1ba45e5a5cefd27ee91544",
                "sha256:b1ae5e9643d5ed987fc57cc2583021e38db531946518130777734f9589b3141f"
            ],
            "index": "pypi",
            "version": "==0.17.1"
        },
        "requests": {
            "hashes": [
                "sha256:27973dd4a904a4f13b263a19c866c13b92a39ed1c964655f025f3f8d3d75b804",
                "sha256:c210084e36a42ae6b9219e00e48287def368a26d03a048ddad7bfee44f75871e"
            ],
            "index": "pypi",
            "version": "==2.25.1"
        },
        "six": {
            "hashes": [
                "sha256:1e61c37477a1626458e36f7b1d82aa5c9b094fa4802892072e49de9c60c4c926",
                "sha256:8abb2f1d86890a2dfb989f9a77cfcfd3e47c2a354b01111771326f8aa26e0254"
            ],
            "markers": "python_version >= '2.7' and python_version not in '3.0, 3.1, 3.2, 3.3'",
            "version": "==1.16.0"
        },
        "spotipy": {
            "hashes": [
                "sha256:8acbc18dd44e1c22b3da500ca9225c5d2f7476f2e68d5d56a317b0b8c87ec8a5",
                "sha256:f7293b808696807e9acec6bdcff63f7dcc3cc1b148c0c4b4299ef43c966f7177"
            ],
            "index": "pypi",
            "version": "==2.18.0"
        },
        "typing-extensions": {
            "hashes": [
                "sha256:0ac0f89795dd19de6b97debb0c6af1c70987fd80a2d62d1958f7e56fcc31b497",
                "sha256:50b6f157849174217d0656f99dc82fe932884fb250826c18350e159ec6cdf342",
                "sha256:779383f6086d90c99ae41cf0ff39aac8a7937a9283ce0a414e5dd782f4c94a84"
            ],
            "version": "==3.10.0.0"
        },
        "udpy": {
            "hashes": [
                "sha256:5f1e45d346af1f63b648bbd06b9a44f5b930b8a7c8cc21ddada383ea3e26cb1b",
                "sha256:d0026abf16b2a616bd9a10ceb0d3d2a49b046aa53295fd6d2735ad051cc7271e"
            ],
            "index": "pypi",
            "version": "==2.0.0"
        },
        "urllib3": {
            "hashes": [
                "sha256:2f4da4594db7e1e110a944bb1b551fdf4e6c136ad42e4234131391e21eb5b0df",
                "sha256:e7b021f7241115872f92f43c6508082facffbd1c048e3c6e2bb9c2a157e28937"
            ],
            "markers": "python_version >= '2.7' and python_version not in '3.0, 3.1, 3.2, 3.3, 3.4' and python_version < '4'",
            "version": "==1.26.4"
        },
        "websocket-client": {
            "hashes": [
                "sha256:5051b38a2f4c27fbd7ca077ebb23ec6965a626ded5a95637f36be1b35b6c4f81",
                "sha256:57f876f1af4731cacb806cf54d02f5fbf75dee796053b9a5b94fd7c1d9621db9"
            ],
            "index": "pypi",
            "version": "==1.0.0"
        },
        "yarl": {
            "hashes": [
                "sha256:00d7ad91b6583602eb9c1d085a2cf281ada267e9a197e8b7cae487dadbfa293e",
                "sha256:0355a701b3998dcd832d0dc47cc5dedf3874f966ac7f870e0f3a6788d802d434",
                "sha256:15263c3b0b47968c1d90daa89f21fcc889bb4b1aac5555580d74565de6836366",
                "sha256:2ce4c621d21326a4a5500c25031e102af589edb50c09b321049e388b3934eec3",
                "sha256:31ede6e8c4329fb81c86706ba8f6bf661a924b53ba191b27aa5fcee5714d18ec",
                "sha256:324ba3d3c6fee56e2e0b0d09bf5c73824b9f08234339d2b788af65e60040c959",
                "sha256:329412812ecfc94a57cd37c9d547579510a9e83c516bc069470db5f75684629e",
                "sha256:4736eaee5626db8d9cda9eb5282028cc834e2aeb194e0d8b50217d707e98bb5c",
                "sha256:4953fb0b4fdb7e08b2f3b3be80a00d28c5c8a2056bb066169de00e6501b986b6",
                "sha256:4c5bcfc3ed226bf6419f7a33982fb4b8ec2e45785a0561eb99274ebbf09fdd6a",
                "sha256:547f7665ad50fa8563150ed079f8e805e63dd85def6674c97efd78eed6c224a6",
                "sha256:5b883e458058f8d6099e4420f0cc2567989032b5f34b271c0827de9f1079a424",
                "sha256:63f90b20ca654b3ecc7a8d62c03ffa46999595f0167d6450fa8383bab252987e",
                "sha256:68dc568889b1c13f1e4745c96b931cc94fdd0defe92a72c2b8ce01091b22e35f",
                "sha256:69ee97c71fee1f63d04c945f56d5d726483c4762845400a6795a3b75d56b6c50",
                "sha256:6d6283d8e0631b617edf0fd726353cb76630b83a089a40933043894e7f6721e2",
                "sha256:72a660bdd24497e3e84f5519e57a9ee9220b6f3ac4d45056961bf22838ce20cc",
                "sha256:73494d5b71099ae8cb8754f1df131c11d433b387efab7b51849e7e1e851f07a4",
                "sha256:7356644cbed76119d0b6bd32ffba704d30d747e0c217109d7979a7bc36c4d970",
                "sha256:8a9066529240171b68893d60dca86a763eae2139dd42f42106b03cf4b426bf10",
                "sha256:8aa3decd5e0e852dc68335abf5478a518b41bf2ab2f330fe44916399efedfae0",
                "sha256:97b5bdc450d63c3ba30a127d018b866ea94e65655efaf889ebeabc20f7d12406",
                "sha256:9ede61b0854e267fd565e7527e2f2eb3ef8858b301319be0604177690e1a3896",
                "sha256:b2e9a456c121e26d13c29251f8267541bd75e6a1ccf9e859179701c36a078643",
                "sha256:b5dfc9a40c198334f4f3f55880ecf910adebdcb2a0b9a9c23c9345faa9185721",
                "sha256:bafb450deef6861815ed579c7a6113a879a6ef58aed4c3a4be54400ae8871478",
                "sha256:c49ff66d479d38ab863c50f7bb27dee97c6627c5fe60697de15529da9c3de724",
                "sha256:ce3beb46a72d9f2190f9e1027886bfc513702d748047b548b05dab7dfb584d2e",
                "sha256:d26608cf178efb8faa5ff0f2d2e77c208f471c5a3709e577a7b3fd0445703ac8",
                "sha256:d597767fcd2c3dc49d6eea360c458b65643d1e4dbed91361cf5e36e53c1f8c96",
                "sha256:d5c32c82990e4ac4d8150fd7652b972216b204de4e83a122546dce571c1bdf25",
                "sha256:d8d07d102f17b68966e2de0e07bfd6e139c7c02ef06d3a0f8d2f0f055e13bb76",
                "sha256:e46fba844f4895b36f4c398c5af062a9808d1f26b2999c58909517384d5deda2",
                "sha256:e6b5460dc5ad42ad2b36cca524491dfcaffbfd9c8df50508bddc354e787b8dc2",
                "sha256:f040bcc6725c821a4c0665f3aa96a4d0805a7aaf2caf266d256b8ed71b9f041c",
                "sha256:f0b059678fd549c66b89bed03efcabb009075bd131c248ecdf087bdb6faba24a",
                "sha256:fcbb48a93e8699eae920f8d92f7160c03567b421bc17362a9ffbbd706a816f71"
            ],
            "markers": "python_version >= '3.6'",
            "version": "==1.6.3"
        },
        "youtube-search": {
            "hashes": [
                "sha256:1541120273996fa433698b2e57b73296dfb8e90536211f29ea997dcf161b66fe",
                "sha256:73a96176d0969f9c266039df41d48aca4ef1d2604b565baf1ed995c0a63468b5"
            ],
            "index": "pypi",
            "version": "==2.1.0"
        }
    },
    "develop": {
        "attrs": {
            "hashes": [
                "sha256:149e90d6d8ac20db7a955ad60cf0e6881a3f20d37096140088356da6c716b0b1",
                "sha256:ef6aaac3ca6cd92904cdd0d83f629a15f18053ec84e6432106f7a4d04ae4f5fb"
            ],
            "markers": "python_version >= '2.7' and python_version not in '3.0, 3.1, 3.2, 3.3, 3.4'",
            "version": "==21.2.0"
        },
        "aws-cdk-aws-ecs": {
            "hashes": [
                "sha256:db822c3e65939e0261702c3ea9569a4374f81df0b0b261f597b0ffe2d9d54142",
                "sha256:e6215c4afbb21a0c30582d89f51187a4e60132c65fd94ef055f924179cdc8c30"
            ],
            "index": "pypi",
            "version": "==1.105.0"
        },
        "aws-cdk-aws-iam": {
            "hashes": [
                "sha256:ae4b31a9b7f79a122f7dedd4125485c20525828e5043f7331ab67466ea69e7a2",
                "sha256:ed48ae0cbc983aa4399a6046e389d2a06c1a9230806846c901c2498b2a493c50"
            ],
            "index": "pypi",
            "version": "==1.105.0"
        },
        "aws-cdk-aws-logs": {
            "hashes": [
                "sha256:0123cf55faabe3343cbd01c4e24a6dc1ce702e031a1add2f962b0a7ec9273010",
                "sha256:352581739deeb13a1d407b015a83502c8d9c748da09e7962c6e5c1a47c14261f"
            ],
            "index": "pypi",
            "version": "==1.105.0"
        },
        "aws-cdk-core": {
            "hashes": [
                "sha256:603e8433633cf63d61c6734dc5fa7a62a5832339574d4fe0922de8c985c72d1a",
                "sha256:dcb8816f7ad73e83631677ee8070458800a60e46f73d94b420c3f771b5b41d7b"
            ],
            "index": "pypi",
            "version": "==1.105.0"
        },
        "aws-cdk.assets": {
            "hashes": [
                "sha256:96e89ea0293faff7ff404ad757cc56c9b974fc00c93a25f8a8c5103803015146",
                "sha256:bba618cfbefa968058f48f07363826111028580efd82e2a8f13c2aca8ddc409a"
            ],
            "markers": "python_version >= '3.6'",
            "version": "==1.105.0"
        },
        "aws-cdk.aws-apigateway": {
            "hashes": [
                "sha256:17edbee373323f0799b1aff4dce5abbc6f55ed121ec58b23613b40eebadbab02",
                "sha256:8e0eaa52f1be5b96bc0f38e6a91726beae42aa9997246976eaec03026fd4ebb9"
            ],
            "markers": "python_version >= '3.6'",
            "version": "==1.105.0"
        },
        "aws-cdk.aws-applicationautoscaling": {
            "hashes": [
                "sha256:58aa3738bf6ca9ead9204b193a27c37f6b099182e0f759fe0bae5ec53df75d2d",
                "sha256:f45c565b2abb98d6073c8f5d120dd0e9d8892c52ba735b2aa0e7e7b894ba8c3c"
            ],
            "markers": "python_version >= '3.6'",
            "version": "==1.105.0"
        },
        "aws-cdk.aws-autoscaling": {
            "hashes": [
                "sha256:c41084f27d672effa4facc2bd08eba8a94c4058d5ce676a29d3a3b3711da1893",
                "sha256:cbd4d35e1cfc66ced7372202ccb5f017e5420029acd3e366a0bf984c65c500ff"
            ],
            "markers": "python_version >= '3.6'",
            "version": "==1.105.0"
        },
        "aws-cdk.aws-autoscaling-common": {
            "hashes": [
                "sha256:44d9c844c6110f834efebda29027cea8bcc0c1cad19ddc4fea846feb86ca7ab6",
                "sha256:68dd401f6bd1a8da4881376844df2c74b022e5d12380b89e4c10a8027168df8d"
            ],
            "markers": "python_version >= '3.6'",
            "version": "==1.105.0"
        },
        "aws-cdk.aws-autoscaling-hooktargets": {
            "hashes": [
                "sha256:39610a2aaa2e3b92111800e2c79ec4c009164e917003cc4f17052c5f518b3120",
                "sha256:92a776f7c633331ebd7fcb3a552e0a654d549537f3ba056d2f42dd9643ac03b9"
            ],
            "markers": "python_version >= '3.6'",
            "version": "==1.105.0"
        },
        "aws-cdk.aws-certificatemanager": {
            "hashes": [
                "sha256:8351dfb997c53f2d4829cc35841649ac57bbc5bd92d70e321bfba44f741d3204",
                "sha256:e06901d148feb110d8928382994b99d62ce2ebc9bb6672e559d67ab01ab65611"
            ],
            "markers": "python_version >= '3.6'",
            "version": "==1.105.0"
        },
        "aws-cdk.aws-cloudformation": {
            "hashes": [
                "sha256:53f08eff74f00260e6b602e6ecaf0164c1eca3cd39414af449dbeaf9249bcbaf",
                "sha256:7ddda80ebf11fa48e414ead178be524bab2d92ca9e6b6f8413db346d7e245ae3"
            ],
            "markers": "python_version >= '3.6'",
            "version": "==1.105.0"
        },
        "aws-cdk.aws-cloudfront": {
            "hashes": [
                "sha256:18517235a794910fc43413e39bc4d3d18d03900d6d1dda24ec9272bb72a520ed",
                "sha256:6df71b22283b1cd69458e11cee88451c50dc3577f54916f2d6241dad61a46475"
            ],
            "markers": "python_version >= '3.6'",
            "version": "==1.105.0"
        },
        "aws-cdk.aws-cloudwatch": {
            "hashes": [
                "sha256:8d876304e434fc9eac2a0875aff58eecd77f6be2cc34d8074838a83a638d9311",
                "sha256:ee7353938c54852160eca2180aac13f494070d75487c9fb73ebfb8d67bd39c57"
            ],
            "markers": "python_version >= '3.6'",
            "version": "==1.105.0"
        },
        "aws-cdk.aws-codeguruprofiler": {
            "hashes": [
                "sha256:0c0d14a8e1ba053a87c25a85910787c3e47123d19ee2d0c6b1c2e09d00e1bd2d",
                "sha256:b4d774a7c0f6aad4b50b48eaa9569d2b11af7367d7af50c9d94f949127f678c1"
            ],
            "markers": "python_version >= '3.6'",
            "version": "==1.105.0"
        },
        "aws-cdk.aws-cognito": {
            "hashes": [
                "sha256:a4ae66677ef88d2cd417a6ab299030ba904bea3ced2fb2f3e58a272f04f778f6",
                "sha256:ab25c69bbea8323cef25d23b096e46b26c08bff7f6cf2ab23352ccc023b81f5c"
            ],
            "markers": "python_version >= '3.6'",
            "version": "==1.105.0"
        },
        "aws-cdk.aws-ec2": {
            "hashes": [
                "sha256:075cd7d87375f3de7f01f0ebc4009b14fcb5839bea8eaa57498ab96d31b6f745",
                "sha256:0d17f9641d3a2d6837df47f3d639eff790aeab77bd093f361590c4d64cdd8e8d"
            ],
            "markers": "python_version >= '3.6'",
            "version": "==1.105.0"
        },
        "aws-cdk.aws-ecr": {
            "hashes": [
                "sha256:72892d3683ae89a068aec9c6356b985b8a60fd55a995cb7f7b3b4c1e5b4f5332",
                "sha256:ae9ad8fc629ae5e051294dd966d079356d4bd45115556386ecf3e2e45a6ba686"
            ],
            "markers": "python_version >= '3.6'",
            "version": "==1.105.0"
        },
        "aws-cdk.aws-ecr-assets": {
            "hashes": [
                "sha256:63be71b037e3d18aa61f91b88d2ff0c8cb03f631450d38af0a25a8a352fa83fd",
                "sha256:7f4cc5d58db03a82c41bfc971b4f89fab5cc13f9133109428ac60457a24d6a0d"
            ],
            "markers": "python_version >= '3.6'",
            "version": "==1.105.0"
        },
        "aws-cdk.aws-efs": {
            "hashes": [
                "sha256:1ce865d04bf9466d9ae2d96de3bce6cf14a7f99f2f564cce1552bf06465ead08",
                "sha256:d01db036f13dca8bc993b84d9229e6ae2dbc306ca29d6d26669005cd5719d1ab"
            ],
            "markers": "python_version >= '3.6'",
            "version": "==1.105.0"
        },
        "aws-cdk.aws-elasticloadbalancing": {
            "hashes": [
                "sha256:115cdca50b089ed07ed5221b0a8c3fa570f8e32d6f441748ff7ea6c6c59e8d78",
                "sha256:8a40873b5a12fba2a9a4eea80a17834a156e4a8748bf82c9409b8207aab020d2"
            ],
            "markers": "python_version >= '3.6'",
            "version": "==1.105.0"
        },
        "aws-cdk.aws-elasticloadbalancingv2": {
            "hashes": [
                "sha256:6d0c3ec529917dbb6244fcf50820aa8ccbe7af95066bc88094cbed264166d962",
                "sha256:e07e085f24de13593fb759459bf435f42928f518af40d720a03d46e9dad0309e"
            ],
            "markers": "python_version >= '3.6'",
            "version": "==1.105.0"
        },
        "aws-cdk.aws-events": {
            "hashes": [
                "sha256:718708d595c37440bdcaba0b5011ec2f66c656d8eafa5842026fde37ff974cd9",
                "sha256:8f310a8d8d13cf5c47f8f884f5139ec89609f84994d208b2e4cf01d6b59ec66c"
            ],
            "markers": "python_version >= '3.6'",
            "version": "==1.105.0"
        },
        "aws-cdk.aws-globalaccelerator": {
            "hashes": [
                "sha256:39d71a1971985f9164069460982fa63b04a7f7753b3e0c7f7265742cbb8ff62c",
                "sha256:d02bf67788bce2aaef1c0d6b095bb648826d302e8d4a8c8ec6c955136ac1fbe0"
            ],
            "markers": "python_version >= '3.6'",
            "version": "==1.105.0"
        },
        "aws-cdk.aws-iam": {
            "hashes": [
                "sha256:ae4b31a9b7f79a122f7dedd4125485c20525828e5043f7331ab67466ea69e7a2",
                "sha256:ed48ae0cbc983aa4399a6046e389d2a06c1a9230806846c901c2498b2a493c50"
            ],
            "index": "pypi",
            "markers": "python_version >= '3.6'",
            "version": "==1.105.0"
        },
        "aws-cdk.aws-kms": {
            "hashes": [
                "sha256:2fcc5d84c056b935eca499cc825381fac5a3a03a50595f30e74cb3fbf6d7a200",
                "sha256:35fec3352e1fd6a5893baa6abc59c003c264676b9cf4a79696a9d2510dc89129"
            ],
            "markers": "python_version >= '3.6'",
            "version": "==1.105.0"
        },
        "aws-cdk.aws-lambda": {
            "hashes": [
                "sha256:1016bb2a3656c22ed507f89394f5bbd97be5d522f017481f1b89f111281f5a72",
                "sha256:f6eb44fa0b76f4938cae342186aece248eda0448ab48c6631dd20355903f29d9"
            ],
            "markers": "python_version >= '3.6'",
            "version": "==1.105.0"
        },
        "aws-cdk.aws-logs": {
            "hashes": [
                "sha256:0123cf55faabe3343cbd01c4e24a6dc1ce702e031a1add2f962b0a7ec9273010",
                "sha256:352581739deeb13a1d407b015a83502c8d9c748da09e7962c6e5c1a47c14261f"
            ],
            "index": "pypi",
            "markers": "python_version >= '3.6'",
            "version": "==1.105.0"
        },
        "aws-cdk.aws-route53": {
            "hashes": [
                "sha256:5bdd528d8288b54b5eb8d9c615d4ef94a74c1e83f344644a162b5dc10ba05060",
                "sha256:e35be4c65e4bbdda6b498eb268d68e0582cdc5c5c797de64d00f20182d220693"
            ],
            "markers": "python_version >= '3.6'",
            "version": "==1.105.0"
        },
        "aws-cdk.aws-route53-targets": {
            "hashes": [
                "sha256:10ce9350bce75edc37433f38e73d942726291c7800ca0608550a3029bb7811a9",
                "sha256:8d2344cba31c260fa4eb0b2e06f153d3e2bef8137a983ebf71b29365ef92ff42"
            ],
            "markers": "python_version >= '3.6'",
            "version": "==1.105.0"
        },
        "aws-cdk.aws-s3": {
            "hashes": [
                "sha256:4baff3a0a6570d4d5498eefe351c0efa7741ef51afa096c96d8b8e3c31139500",
                "sha256:9c5d035ee1ffe881efdcfca418dcebb0e2968b6a3a4da0faf2f9f1111e9831d0"
            ],
            "markers": "python_version >= '3.6'",
            "version": "==1.105.0"
        },
        "aws-cdk.aws-s3-assets": {
            "hashes": [
                "sha256:0eaeb42ee2ceff2024f16e2ef255b550e80f500bda5fd713e17a070807f4047a",
                "sha256:a11da03580f435002da1ed4ac5e3fc6d6c486c5e392ab979f4557983d8530eb9"
            ],
            "markers": "python_version >= '3.6'",
            "version": "==1.105.0"
        },
        "aws-cdk.aws-sam": {
            "hashes": [
                "sha256:27ae20368e12ffc1a69a43e4f6a3617fea0cbba7f5e9b396f7260c8e603e54e3",
                "sha256:683aac9bf5642c1672f263147214c8835841507248a3f49620496e7d22294f9a"
            ],
            "markers": "python_version >= '3.6'",
            "version": "==1.105.0"
        },
        "aws-cdk.aws-secretsmanager": {
            "hashes": [
                "sha256:1a14bd06f666c87895530f3c9970b2c4578a1f7f2f7b13d1e90f3cfaedc71447",
                "sha256:edbfcb1e42b1d990ca55bcf66ed2ad915009af4950f51747ea99909f001dcd85"
            ],
            "markers": "python_version >= '3.6'",
            "version": "==1.105.0"
        },
        "aws-cdk.aws-servicediscovery": {
            "hashes": [
                "sha256:197e7a50db518e99348ebf6b803ae3bfb3fa13c3d7524a377db881bd70148139",
                "sha256:3d9ceb08ffebd0551a26e965e1e3b97f955437d543fa9235370992670c450751"
            ],
            "markers": "python_version >= '3.6'",
            "version": "==1.105.0"
        },
        "aws-cdk.aws-signer": {
            "hashes": [
                "sha256:2d445c8cf549043a0b0dd7703a018c169ffe63710b96f06f830feaf9bfc4153b",
                "sha256:415d7fc2703fb506785ccd6f27396c7630670060f4da189cbc60196520ed77d1"
            ],
            "markers": "python_version >= '3.6'",
            "version": "==1.105.0"
        },
        "aws-cdk.aws-sns": {
            "hashes": [
                "sha256:0656d72d08a4fa4c402ed7894060500319cc4d020571a25eb54e82a1a04225b6",
                "sha256:ad759a4575e9c510b29b28a06e0e7de3cdeff61eea4720f1f3f62133e2bd981e"
            ],
            "markers": "python_version >= '3.6'",
            "version": "==1.105.0"
        },
        "aws-cdk.aws-sns-subscriptions": {
            "hashes": [
                "sha256:2e151a03446d1e6af8d6a31810542c2741a9d75bbb4e079b6a67d6d7472f6b17",
                "sha256:bc4441d308c7f3ad822d196341bf24fa9f50d62b2a5d44aadd36f968b6b03c84"
            ],
            "markers": "python_version >= '3.6'",
            "version": "==1.105.0"
        },
        "aws-cdk.aws-sqs": {
            "hashes": [
                "sha256:502385e4b018a6d57e4cc38879e878dcf8d1081d04a25e9e4589bf7a847c38cc",
                "sha256:8093834a0fe7a7f10ffd4b0623432cdfc08914d665f06d793de1fa0c1a5fbcd0"
            ],
            "markers": "python_version >= '3.6'",
            "version": "==1.105.0"
        },
        "aws-cdk.aws-ssm": {
            "hashes": [
                "sha256:751c3e3abf358065e8e0d858f297c6ee80c3308df3d619f444cfbea7a3a8f4be",
                "sha256:afc59f2d098f74b3fc44296f036cbe41ebe1ec2de648f7bb231e6de5a47e0bba"
            ],
            "markers": "python_version >= '3.6'",
            "version": "==1.105.0"
        },
        "aws-cdk.cloud-assembly-schema": {
            "hashes": [
                "sha256:b35c80dcd330bda0b9504a8dc30646607340528dad7efa33c7d601b09b0baced",
                "sha256:c49fcf409ecd6fa66da69c3d3647525903b9ae0afe2d1d576957f12fecb9cd4c"
            ],
            "markers": "python_version >= '3.6'",
            "version": "==1.105.0"
        },
        "aws-cdk.core": {
            "hashes": [
                "sha256:603e8433633cf63d61c6734dc5fa7a62a5832339574d4fe0922de8c985c72d1a",
                "sha256:dcb8816f7ad73e83631677ee8070458800a60e46f73d94b420c3f771b5b41d7b"
            ],
            "index": "pypi",
            "markers": "python_version >= '3.6'",
            "version": "==1.105.0"
        },
        "aws-cdk.custom-resources": {
            "hashes": [
                "sha256:315c82cfb71b93f07a719a89e2913f59c30e745b1cc974059be32f371ff0588b",
                "sha256:96e2975a1963c1070813c226b85eff692a2cd90034fe6ae2e8c373928b8fd432"
            ],
            "markers": "python_version >= '3.6'",
            "version": "==1.105.0"
        },
        "aws-cdk.cx-api": {
            "hashes": [
                "sha256:88c3fd3f5b94428078ffe05c6833f56934f852ad77295a92dfe61e501c714a96",
                "sha256:cc80017da3cba5a82fd1e9507df888c85d8064058895b153433f725f87a27f49"
            ],
            "markers": "python_version >= '3.6'",
            "version": "==1.105.0"
        },
        "aws-cdk.region-info": {
            "hashes": [
                "sha256:d7101f8f4c853aa4652b2e5ab3299de74984c4ad6c9d777045f673e94f458b86",
                "sha256:d8e45ed5690b5cc2a7c11f7061a4d5f9057e31c85b1232fd535bf102a015f067"
            ],
            "markers": "python_version >= '3.6'",
            "version": "==1.105.0"
        },
        "cattrs": {
            "hashes": [
                "sha256:277d12740b45e46318b41c3b2e4a3bc067a7b9971cf61f0e96497598ad83f282",
                "sha256:a6233d0ce33d48ac71ef818f8e0b9309a89496b359994c4dfe9ad211c1f6d0a3"
            ],
            "markers": "python_version >= '3.7'",
            "version": "==1.5.0"
        },
        "certifi": {
            "hashes": [
                "sha256:1a4995114262bffbc2413b159f2a1a480c969de6e6eb13ee966d470af86af59c",
                "sha256:719a74fb9e33b9bd44cc7f3a8d94bc35e4049deebe19ba7d8e108280cfd59830"
            ],
            "version": "==2020.12.5"
        },
        "chardet": {
            "hashes": [
                "sha256:0d6f53a15db4120f2b08c94f11e7d93d2c911ee118b6b30a04ec3ee8310179fa",
                "sha256:f864054d66fd9118f2e67044ac8981a54775ec5b67aed0441892edb553d21da5"
            ],
            "markers": "python_version >= '2.7' and python_version not in '3.0, 3.1, 3.2, 3.3, 3.4'",
            "version": "==4.0.0"
        },
        "constructs": {
            "hashes": [
                "sha256:24f9c40a54e66eba22f8e020d7b8efa2f7df415219225f934f217c575afdd8c9",
                "sha256:a4ebf536b74a805bb9277d507c6d355f8b8421ced7879d2186b6464c53fe9496"
            ],
            "markers": "python_version >= '3.6'",
            "version": "==3.3.75"
        },
        "idna": {
            "hashes": [
                "sha256:b307872f855b18632ce0c21c5e45be78c0ea7ae4c15c828c20788b26921eb3f6",
                "sha256:b97d804b1e9b523befed77c48dacec60e6dcb0b5391d57af6a65a312a90648c0"
            ],
            "markers": "python_version >= '2.7' and python_version not in '3.0, 3.1, 3.2, 3.3'",
            "version": "==2.10"
        },
        "jsii": {
            "hashes": [
                "sha256:76d1f7b4aeec8f59356494f1ed253f5ce1094eeaa46b15232564e4c07c0e1fb5",
                "sha256:d3611f0cc4626ceb26ff55e6fe9ad5dae7a351709ed9c4f12f3bd8065b4c9809"
            ],
            "markers": "python_version ~= '3.6'",
            "version": "==1.29.0"
        },
        "prompt": {
            "hashes": [
                "sha256:8a7694b88f8c65188a983315e72582bf42fcc251b97042be1d2a2ad1aa0ebe0e",
                "sha256:98527de8dc3f0aa29669a39fbffeaf578ba6654dc836f737b6a5c6f9279002b7"
            ],
            "markers": "python_version >= '3.3'",
            "version": "==0.4.1"
        },
        "publication": {
            "hashes": [
                "sha256:0248885351febc11d8a1098d5c8e3ab2dabcf3e8c0c96db1e17ecd12b53afbe6",
                "sha256:68416a0de76dddcdd2930d1c8ef853a743cc96c82416c4e4d3b5d901c6276dc4"
            ],
            "version": "==0.0.3"
        },
        "python-dateutil": {
            "hashes": [
                "sha256:73ebfe9dbf22e832286dafa60473e4cd239f8592f699aa5adaf10050e6e1823c",
                "sha256:75bb3f31ea686f1197762692a9ee6a7550b59fc6ca3a1f4b5d7e32fb98e2da2a"
            ],
            "markers": "python_version >= '2.7' and python_version not in '3.0, 3.1, 3.2, 3.3'",
            "version": "==2.8.1"
        },
        "python-dotenv": {
            "hashes": [
                "sha256:00aa34e92d992e9f8383730816359647f358f4a3be1ba45e5a5cefd27ee91544",
                "sha256:b1ae5e9643d5ed987fc57cc2583021e38db531946518130777734f9589b3141f"
            ],
            "index": "pypi",
            "version": "==0.17.1"
        },
        "requests": {
            "hashes": [
                "sha256:27973dd4a904a4f13b263a19c866c13b92a39ed1c964655f025f3f8d3d75b804",
                "sha256:c210084e36a42ae6b9219e00e48287def368a26d03a048ddad7bfee44f75871e"
            ],
            "index": "pypi",
            "version": "==2.25.1"
        },
        "six": {
            "hashes": [
                "sha256:1e61c37477a1626458e36f7b1d82aa5c9b094fa4802892072e49de9c60c4c926",
                "sha256:8abb2f1d86890a2dfb989f9a77cfcfd3e47c2a354b01111771326f8aa26e0254"
            ],
            "markers": "python_version >= '2.7' and python_version not in '3.0, 3.1, 3.2, 3.3'",
            "version": "==1.16.0"
        },
        "spotify-refresh-token-generator": {
            "hashes": [
                "sha256:8de62cb207f3bf12e4340126fcad035aa1fee07b15823a9c2256ac961cd5a56e",
                "sha256:a3ca38cea3c337928238bf3663f7658374d271dcbe0f92d172b8b914127660b3"
            ],
            "index": "pypi",
            "version": "==0.0.10"
        },
        "spotipy": {
            "hashes": [
                "sha256:8acbc18dd44e1c22b3da500ca9225c5d2f7476f2e68d5d56a317b0b8c87ec8a5",
                "sha256:f7293b808696807e9acec6bdcff63f7dcc3cc1b148c0c4b4299ef43c966f7177"
            ],
            "index": "pypi",
            "version": "==2.18.0"
        },
        "typing-extensions": {
            "hashes": [
                "sha256:0ac0f89795dd19de6b97debb0c6af1c70987fd80a2d62d1958f7e56fcc31b497",
                "sha256:50b6f157849174217d0656f99dc82fe932884fb250826c18350e159ec6cdf342",
                "sha256:779383f6086d90c99ae41cf0ff39aac8a7937a9283ce0a414e5dd782f4c94a84"
            ],
            "version": "==3.10.0.0"
        },
        "urllib3": {
            "hashes": [
                "sha256:2f4da4594db7e1e110a944bb1b551fdf4e6c136ad42e4234131391e21eb5b0df",
                "sha256:e7b021f7241115872f92f43c6508082facffbd1c048e3c6e2bb9c2a157e28937"
            ],
            "markers": "python_version >= '2.7' and python_version not in '3.0, 3.1, 3.2, 3.3, 3.4' and python_version < '4'",
            "version": "==1.26.4"
        }
    }
}
